
Microsoft Visual Studio Solution File, Format Version 12.00
# Visual Studio Version 16
VisualStudioVersion = 16.0.31911.196
MinimumVisualStudioVersion = 10.0.40219.1
Project("{FAE04EC0-301F-11D3-BF4B-00C04F79EFBC}") = "QRCodeGenerator", "QRCodeGenerator.csproj", "{B9AA4FD6-FF9D-44A6-A945-EC296B480BC7}"
EndProject
Global
	GlobalSection(SolutionConfigurationPlatforms) = preSolution
		Debug|Any CPU = Debug|Any CPU
		Release|Any CPU = Release|Any CPU
	EndGlobalSection
	GlobalSection(ProjectConfigurationPlatforms) = postSolution
		{B9AA4FD6-FF9D-44A6-A945-EC296B480BC7}.Debug|Any CPU.ActiveCfg = Debug|Any CPU
		{B9AA4FD6-FF9D-44A6-A945-EC296B480BC7}.Debug|Any CPU.Build.0 = Debug|Any CPU
		{B9AA4FD6-FF9D-44A6-A945-EC296B480BC7}.Release|Any CPU.ActiveCfg = Release|Any CPU
		{B9AA4FD6-FF9D-44A6-A945-EC296B480BC7}.Release|Any CPU.Build.0 = Release|Any CPU
	EndGlobalSection
	GlobalSection(SolutionProperties) = preSolution
		HideSolutionNode = FALSE
	EndGlobalSection
	GlobalSection(ExtensibilityGlobals) = postSolution
		SolutionGuid = {93A4B669-54BA-433E-92B1-B23ABCEEE7A9}
	EndGlobalSection
EndGlobal
